
Microsoft Visual Studio Solution File, Format Version 12.00
# Visual Studio Version 16
VisualStudioVersion = 16.0.29613.14
MinimumVisualStudioVersion = 10.0.40219.1
Project("{FAE04EC0-301F-11D3-BF4B-00C04F79EFBC}") = "CSharpParallelLoops_101", "CSharpParallelLoops_101\CSharpParallelLoops_101.csproj", "{D25D0A77-51D3-4DBB-B90B-0F0310E5D1B3}"
EndProject
Global
	GlobalSection(SolutionConfigurationPlatforms) = preSolution
		Debug|Any CPU = Debug|Any CPU
		Release|Any CPU = Release|Any CPU
	EndGlobalSection
	GlobalSection(ProjectConfigurationPlatforms) = postSolution
		{D25D0A77-51D3-4DBB-B90B-0F0310E5D1B3}.Debug|Any CPU.ActiveCfg = Debug|Any CPU
		{D25D0A77-51D3-4DBB-B90B-0F0310E5D1B3}.Debug|Any CPU.Build.0 = Debug|Any CPU
		{D25D0A77-51D3-4DBB-B90B-0F0310E5D1B3}.Release|Any CPU.ActiveCfg = Release|Any CPU
		{D25D0A77-51D3-4DBB-B90B-0F0310E5D1B3}.Release|Any CPU.Build.0 = Release|Any CPU
	EndGlobalSection
	GlobalSection(SolutionProperties) = preSolution
		HideSolutionNode = FALSE
	EndGlobalSection
	GlobalSection(ExtensibilityGlobals) = postSolution
		SolutionGuid = {8D7EEE55-F6AA-4073-AB00-2353E9AE3A9F}
	EndGlobalSection
EndGlobal
